// !$*UTF8*$!
{
	archiveVersion = 1;
	classes = {
	};
	objectVersion = 46;
	objects = {

/* Begin PBXBuildFile section */
		2C0A837119B5BA9500D09DAB /* Favorite.swift in Sources */ = {isa = PBXBuildFile; fileRef = 2C0A837019B5BA9500D09DAB /* Favorite.swift */; };
		2C0A837319B5C06D00D09DAB /* film.png in Resources */ = {isa = PBXBuildFile; fileRef = 2C0A837219B5C06D00D09DAB /* film.png */; };
		2C115653197DFD05004A317B /* OperationManager.swift in Sources */ = {isa = PBXBuildFile; fileRef = 2C115652197DFD05004A317B /* OperationManager.swift */; };
		2C543461197D9A1F000971B5 /* SaveOperation.swift in Sources */ = {isa = PBXBuildFile; fileRef = 2C543460197D9A1F000971B5 /* SaveOperation.swift */; };
		2C543463197DDB17000971B5 /* SearchResultViewController.swift in Sources */ = {isa = PBXBuildFile; fileRef = 2C543462197DDB17000971B5 /* SearchResultViewController.swift */; };
		2C543465197DE9FB000971B5 /* SearchItemTableViewCell.swift in Sources */ = {isa = PBXBuildFile; fileRef = 2C543464197DE9FB000971B5 /* SearchItemTableViewCell.swift */; };
		2C59406B19B6002C009D0DBA /* PlayerView.swift in Sources */ = {isa = PBXBuildFile; fileRef = 2C59406A19B6002C009D0DBA /* PlayerView.swift */; };
		2C8835DE1979CB5600FF1A9E /* AppDelegate.swift in Sources */ = {isa = PBXBuildFile; fileRef = 2C8835DD1979CB5600FF1A9E /* AppDelegate.swift */; };
		2C8835E01979CB5600FF1A9E /* ViewController.swift in Sources */ = {isa = PBXBuildFile; fileRef = 2C8835DF1979CB5600FF1A9E /* ViewController.swift */; };
		2C8835E31979CB5600FF1A9E /* Main.storyboard in Resources */ = {isa = PBXBuildFile; fileRef = 2C8835E11979CB5600FF1A9E /* Main.storyboard */; };
		2C8835E51979CB5600FF1A9E /* Images.xcassets in Resources */ = {isa = PBXBuildFile; fileRef = 2C8835E41979CB5600FF1A9E /* Images.xcassets */; };
		2C8835F11979CB5600FF1A9E /* Cast_My_VideosTests.swift in Sources */ = {isa = PBXBuildFile; fileRef = 2C8835F01979CB5600FF1A9E /* Cast_My_VideosTests.swift */; };
		2C8835FB1979CB7400FF1A9E /* GoogleCast.framework in Frameworks */ = {isa = PBXBuildFile; fileRef = 2C8835FA1979CB7400FF1A9E /* GoogleCast.framework */; };
		2C8835FE1979CB9500FF1A9E /* MediaAccessibility.framework in Frameworks */ = {isa = PBXBuildFile; fileRef = 2C8835FD1979CB9500FF1A9E /* MediaAccessibility.framework */; };
		2C8836001979CB9900FF1A9E /* CoreText.framework in Frameworks */ = {isa = PBXBuildFile; fileRef = 2C8835FF1979CB9900FF1A9E /* CoreText.framework */; };
		2C8836061979CBDE00FF1A9E /* CastController.swift in Sources */ = {isa = PBXBuildFile; fileRef = 2C8836051979CBDE00FF1A9E /* CastController.swift */; };
		2C8836081979CBFC00FF1A9E /* NetworkOperation.swift in Sources */ = {isa = PBXBuildFile; fileRef = 2C8836071979CBFC00FF1A9E /* NetworkOperation.swift */; };
		2C88360A1979E23100FF1A9E /* ParseOperation.swift in Sources */ = {isa = PBXBuildFile; fileRef = 2C8836091979E23100FF1A9E /* ParseOperation.swift */; };
		2C88360C1979F93900FF1A9E /* DevicePopoverViewController.swift in Sources */ = {isa = PBXBuildFile; fileRef = 2C88360B1979F93900FF1A9E /* DevicePopoverViewController.swift */; };
		2C88360E197A017400FF1A9E /* PlayingViewController.swift in Sources */ = {isa = PBXBuildFile; fileRef = 2C88360D197A017400FF1A9E /* PlayingViewController.swift */; };
		2CD7F394198D378300346279 /* BaseOperation.swift in Sources */ = {isa = PBXBuildFile; fileRef = 2CD7F393198D378300346279 /* BaseOperation.swift */; };
		2CE4AA8A197D44F8002EE2B8 /* DataModel.xcdatamodeld in Sources */ = {isa = PBXBuildFile; fileRef = 2CE4AA88197D44F8002EE2B8 /* DataModel.xcdatamodeld */; };
		2CE4AA91197D57C6002EE2B8 /* CoreDataManager.swift in Sources */ = {isa = PBXBuildFile; fileRef = 2CE4AA90197D57C6002EE2B8 /* CoreDataManager.swift */; };
		2CE4AA97197D625F002EE2B8 /* Item.swift in Sources */ = {isa = PBXBuildFile; fileRef = 2CE4AA96197D625F002EE2B8 /* Item.swift */; };
		2CE4AA99197D6F67002EE2B8 /* ItemTableViewCell.swift in Sources */ = {isa = PBXBuildFile; fileRef = 2CE4AA98197D6F67002EE2B8 /* ItemTableViewCell.swift */; };
/* End PBXBuildFile section */

/* Begin PBXContainerItemProxy section */
		2C8835EB1979CB5600FF1A9E /* PBXContainerItemProxy */ = {
			isa = PBXContainerItemProxy;
			containerPortal = 2C8835D01979CB5600FF1A9E /* Project object */;
			proxyType = 1;
			remoteGlobalIDString = 2C8835D71979CB5600FF1A9E;
			remoteInfo = "Cast My Videos";
		};
/* End PBXContainerItemProxy section */

/* Begin PBXFileReference section */
		2C0A837019B5BA9500D09DAB /* Favorite.swift */ = {isa = PBXFileReference; fileEncoding = 4; lastKnownFileType = sourcecode.swift; path = Favorite.swift; sourceTree = "<group>"; };
		2C0A837219B5C06D00D09DAB /* film.png */ = {isa = PBXFileReference; lastKnownFileType = image.png; path = film.png; sourceTree = "<group>"; };
		2C115652197DFD05004A317B /* OperationManager.swift */ = {isa = PBXFileReference; fileEncoding = 4; lastKnownFileType = sourcecode.swift; path = OperationManager.swift; sourceTree = "<group>"; };
		2C543460197D9A1F000971B5 /* SaveOperation.swift */ = {isa = PBXFileReference; fileEncoding = 4; lastKnownFileType = sourcecode.swift; path = SaveOperation.swift; sourceTree = "<group>"; };
		2C543462197DDB17000971B5 /* SearchResultViewController.swift */ = {isa = PBXFileReference; fileEncoding = 4; lastKnownFileType = sourcecode.swift; path = SearchResultViewController.swift; sourceTree = "<group>"; };
		2C543464197DE9FB000971B5 /* SearchItemTableViewCell.swift */ = {isa = PBXFileReference; fileEncoding = 4; lastKnownFileType = sourcecode.swift; path = SearchItemTableViewCell.swift; sourceTree = "<group>"; };
		2C59406A19B6002C009D0DBA /* PlayerView.swift */ = {isa = PBXFileReference; fileEncoding = 4; lastKnownFileType = sourcecode.swift; path = PlayerView.swift; sourceTree = "<group>"; };
		2C8835D81979CB5600FF1A9E /* Cast My Videos.app */ = {isa = PBXFileReference; explicitFileType = wrapper.application; includeInIndex = 0; path = "Cast My Videos.app"; sourceTree = BUILT_PRODUCTS_DIR; };
		2C8835DC1979CB5600FF1A9E /* Info.plist */ = {isa = PBXFileReference; lastKnownFileType = text.plist.xml; path = Info.plist; sourceTree = "<group>"; };
		2C8835DD1979CB5600FF1A9E /* AppDelegate.swift */ = {isa = PBXFileReference; lastKnownFileType = sourcecode.swift; path = AppDelegate.swift; sourceTree = "<group>"; };
		2C8835DF1979CB5600FF1A9E /* ViewController.swift */ = {isa = PBXFileReference; lastKnownFileType = sourcecode.swift; path = ViewController.swift; sourceTree = "<group>"; };
		2C8835E21979CB5600FF1A9E /* Base */ = {isa = PBXFileReference; lastKnownFileType = file.storyboard; name = Base; path = Base.lproj/Main.storyboard; sourceTree = "<group>"; };
		2C8835E41979CB5600FF1A9E /* Images.xcassets */ = {isa = PBXFileReference; lastKnownFileType = folder.assetcatalog; path = Images.xcassets; sourceTree = "<group>"; };
		2C8835EA1979CB5600FF1A9E /* Cast My VideosTests.xctest */ = {isa = PBXFileReference; explicitFileType = wrapper.cfbundle; includeInIndex = 0; path = "Cast My VideosTests.xctest"; sourceTree = BUILT_PRODUCTS_DIR; };
		2C8835EF1979CB5600FF1A9E /* Info.plist */ = {isa = PBXFileReference; lastKnownFileType = text.plist.xml; path = Info.plist; sourceTree = "<group>"; };
		2C8835F01979CB5600FF1A9E /* Cast_My_VideosTests.swift */ = {isa = PBXFileReference; lastKnownFileType = sourcecode.swift; path = Cast_My_VideosTests.swift; sourceTree = "<group>"; };
		2C8835FA1979CB7400FF1A9E /* GoogleCast.framework */ = {isa = PBXFileReference; lastKnownFileType = wrapper.framework; name = GoogleCast.framework; path = "../../Downloads/GoogleCastFramework-2.3.0-Release/GoogleCast.framework"; sourceTree = "<group>"; };
		2C8835FD1979CB9500FF1A9E /* MediaAccessibility.framework */ = {isa = PBXFileReference; lastKnownFileType = wrapper.framework; name = MediaAccessibility.framework; path = System/Library/Frameworks/MediaAccessibility.framework; sourceTree = SDKROOT; };
		2C8835FF1979CB9900FF1A9E /* CoreText.framework */ = {isa = PBXFileReference; lastKnownFileType = wrapper.framework; name = CoreText.framework; path = System/Library/Frameworks/CoreText.framework; sourceTree = SDKROOT; };
		2C8836011979CBA700FF1A9E /* Cast My Videos-Bridging-Header.h */ = {isa = PBXFileReference; lastKnownFileType = sourcecode.c.h; path = "Cast My Videos-Bridging-Header.h"; sourceTree = "<group>"; };
		2C8836051979CBDE00FF1A9E /* CastController.swift */ = {isa = PBXFileReference; fileEncoding = 4; lastKnownFileType = sourcecode.swift; path = CastController.swift; sourceTree = "<group>"; };
		2C8836071979CBFC00FF1A9E /* NetworkOperation.swift */ = {isa = PBXFileReference; fileEncoding = 4; lastKnownFileType = sourcecode.swift; path = NetworkOperation.swift; sourceTree = "<group>"; };
		2C8836091979E23100FF1A9E /* ParseOperation.swift */ = {isa = PBXFileReference; fileEncoding = 4; lastKnownFileType = sourcecode.swift; path = ParseOperation.swift; sourceTree = "<group>"; };
		2C88360B1979F93900FF1A9E /* DevicePopoverViewController.swift */ = {isa = PBXFileReference; fileEncoding = 4; lastKnownFileType = sourcecode.swift; path = DevicePopoverViewController.swift; sourceTree = "<group>"; };
		2C88360D197A017400FF1A9E /* PlayingViewController.swift */ = {isa = PBXFileReference; fileEncoding = 4; lastKnownFileType = sourcecode.swift; path = PlayingViewController.swift; sourceTree = "<group>"; };
		2CD7F393198D378300346279 /* BaseOperation.swift */ = {isa = PBXFileReference; fileEncoding = 4; lastKnownFileType = sourcecode.swift; path = BaseOperation.swift; sourceTree = "<group>"; };
		2CE4AA89197D44F8002EE2B8 /* DataModel.xcdatamodel */ = {isa = PBXFileReference; lastKnownFileType = wrapper.xcdatamodel; path = DataModel.xcdatamodel; sourceTree = "<group>"; };
		2CE4AA90197D57C6002EE2B8 /* CoreDataManager.swift */ = {isa = PBXFileReference; fileEncoding = 4; lastKnownFileType = sourcecode.swift; path = CoreDataManager.swift; sourceTree = "<group>"; };
		2CE4AA96197D625F002EE2B8 /* Item.swift */ = {isa = PBXFileReference; fileEncoding = 4; lastKnownFileType = sourcecode.swift; path = Item.swift; sourceTree = "<group>"; };
		2CE4AA98197D6F67002EE2B8 /* ItemTableViewCell.swift */ = {isa = PBXFileReference; fileEncoding = 4; lastKnownFileType = sourcecode.swift; path = ItemTableViewCell.swift; sourceTree = "<group>"; };
/* End PBXFileReference section */

/* Begin PBXFrameworksBuildPhase section */
		2C8835D51979CB5600FF1A9E /* Frameworks */ = {
			isa = PBXFrameworksBuildPhase;
			buildActionMask = 2147483647;
			files = (
				2C8836001979CB9900FF1A9E /* CoreText.framework in Frameworks */,
				2C8835FE1979CB9500FF1A9E /* MediaAccessibility.framework in Frameworks */,
				2C8835FB1979CB7400FF1A9E /* GoogleCast.framework in Frameworks */,
			);
			runOnlyForDeploymentPostprocessing = 0;
		};
		2C8835E71979CB5600FF1A9E /* Frameworks */ = {
			isa = PBXFrameworksBuildPhase;
			buildActionMask = 2147483647;
			files = (
			);
			runOnlyForDeploymentPostprocessing = 0;
		};
/* End PBXFrameworksBuildPhase section */

/* Begin PBXGroup section */
		2C8835CF1979CB5600FF1A9E = {
			isa = PBXGroup;
			children = (
				2C8835DA1979CB5600FF1A9E /* Cast My Videos */,
				2C8835ED1979CB5600FF1A9E /* Cast My VideosTests */,
				2C8835D91979CB5600FF1A9E /* Products */,
				2C8835FC1979CB8600FF1A9E /* Frameworks */,
			);
			sourceTree = "<group>";
		};
		2C8835D91979CB5600FF1A9E /* Products */ = {
			isa = PBXGroup;
			children = (
				2C8835D81979CB5600FF1A9E /* Cast My Videos.app */,
				2C8835EA1979CB5600FF1A9E /* Cast My VideosTests.xctest */,
			);
			name = Products;
			sourceTree = "<group>";
		};
		2C8835DA1979CB5600FF1A9E /* Cast My Videos */ = {
			isa = PBXGroup;
			children = (
				2C8836071979CBFC00FF1A9E /* NetworkOperation.swift */,
				2C8836051979CBDE00FF1A9E /* CastController.swift */,
				2C0A837219B5C06D00D09DAB /* film.png */,
				2C8835DD1979CB5600FF1A9E /* AppDelegate.swift */,
				2C8835DF1979CB5600FF1A9E /* ViewController.swift */,
				2C8835E11979CB5600FF1A9E /* Main.storyboard */,
				2C8835E41979CB5600FF1A9E /* Images.xcassets */,
				2C8835DB1979CB5600FF1A9E /* Supporting Files */,
				2C8836011979CBA700FF1A9E /* Cast My Videos-Bridging-Header.h */,
				2C8836091979E23100FF1A9E /* ParseOperation.swift */,
				2C88360B1979F93900FF1A9E /* DevicePopoverViewController.swift */,
				2C88360D197A017400FF1A9E /* PlayingViewController.swift */,
				2CE4AA88197D44F8002EE2B8 /* DataModel.xcdatamodeld */,
				2C0A837019B5BA9500D09DAB /* Favorite.swift */,
				2CE4AA96197D625F002EE2B8 /* Item.swift */,
				2CE4AA90197D57C6002EE2B8 /* CoreDataManager.swift */,
				2CE4AA98197D6F67002EE2B8 /* ItemTableViewCell.swift */,
				2C543460197D9A1F000971B5 /* SaveOperation.swift */,
				2C543462197DDB17000971B5 /* SearchResultViewController.swift */,
				2C543464197DE9FB000971B5 /* SearchItemTableViewCell.swift */,
				2C115652197DFD05004A317B /* OperationManager.swift */,
				2CD7F393198D378300346279 /* BaseOperation.swift */,
				2C59406A19B6002C009D0DBA /* PlayerView.swift */,
			);
			path = "Cast My Videos";
			sourceTree = "<group>";
		};
		2C8835DB1979CB5600FF1A9E /* Supporting Files */ = {
			isa = PBXGroup;
			children = (
				2C8835DC1979CB5600FF1A9E /* Info.plist */,
			);
			name = "Supporting Files";
			sourceTree = "<group>";
		};
		2C8835ED1979CB5600FF1A9E /* Cast My VideosTests */ = {
			isa = PBXGroup;
			children = (
				2C8835F01979CB5600FF1A9E /* Cast_My_VideosTests.swift */,
				2C8835EE1979CB5600FF1A9E /* Supporting Files */,
			);
			path = "Cast My VideosTests";
			sourceTree = "<group>";
		};
		2C8835EE1979CB5600FF1A9E /* Supporting Files */ = {
			isa = PBXGroup;
			children = (
				2C8835EF1979CB5600FF1A9E /* Info.plist */,
			);
			name = "Supporting Files";
			sourceTree = "<group>";
		};
		2C8835FC1979CB8600FF1A9E /* Frameworks */ = {
			isa = PBXGroup;
			children = (
				2C8835FF1979CB9900FF1A9E /* CoreText.framework */,
				2C8835FD1979CB9500FF1A9E /* MediaAccessibility.framework */,
				2C8835FA1979CB7400FF1A9E /* GoogleCast.framework */,
			);
			name = Frameworks;
			sourceTree = "<group>";
		};
/* End PBXGroup section */

/* Begin PBXNativeTarget section */
		2C8835D71979CB5600FF1A9E /* Cast My Videos */ = {
			isa = PBXNativeTarget;
			buildConfigurationList = 2C8835F41979CB5600FF1A9E /* Build configuration list for PBXNativeTarget "Cast My Videos" */;
			buildPhases = (
				2C8835D41979CB5600FF1A9E /* Sources */,
				2C8835D51979CB5600FF1A9E /* Frameworks */,
				2C8835D61979CB5600FF1A9E /* Resources */,
			);
			buildRules = (
			);
			dependencies = (
			);
			name = "Cast My Videos";
			productName = "Cast My Videos";
			productReference = 2C8835D81979CB5600FF1A9E /* Cast My Videos.app */;
			productType = "com.apple.product-type.application";
		};
		2C8835E91979CB5600FF1A9E /* Cast My VideosTests */ = {
			isa = PBXNativeTarget;
			buildConfigurationList = 2C8835F71979CB5600FF1A9E /* Build configuration list for PBXNativeTarget "Cast My VideosTests" */;
			buildPhases = (
				2C8835E61979CB5600FF1A9E /* Sources */,
				2C8835E71979CB5600FF1A9E /* Frameworks */,
				2C8835E81979CB5600FF1A9E /* Resources */,
			);
			buildRules = (
			);
			dependencies = (
				2C8835EC1979CB5600FF1A9E /* PBXTargetDependency */,
			);
			name = "Cast My VideosTests";
			productName = "Cast My VideosTests";
			productReference = 2C8835EA1979CB5600FF1A9E /* Cast My VideosTests.xctest */;
			productType = "com.apple.product-type.bundle.unit-test";
		};
/* End PBXNativeTarget section */

/* Begin PBXProject section */
		2C8835D01979CB5600FF1A9E /* Project object */ = {
			isa = PBXProject;
			attributes = {
				LastUpgradeCheck = 0600;
				ORGANIZATIONNAME = caster;
				TargetAttributes = {
					2C8835D71979CB5600FF1A9E = {
						CreatedOnToolsVersion = 6.0;
					};
					2C8835E91979CB5600FF1A9E = {
						CreatedOnToolsVersion = 6.0;
						TestTargetID = 2C8835D71979CB5600FF1A9E;
					};
				};
			};
			buildConfigurationList = 2C8835D31979CB5600FF1A9E /* Build configuration list for PBXProject "Cast My Videos" */;
			compatibilityVersion = "Xcode 3.2";
			developmentRegion = English;
			hasScannedForEncodings = 0;
			knownRegions = (
				en,
				Base,
			);
			mainGroup = 2C8835CF1979CB5600FF1A9E;
			productRefGroup = 2C8835D91979CB5600FF1A9E /* Products */;
			projectDirPath = "";
			projectRoot = "";
			targets = (
				2C8835D71979CB5600FF1A9E /* Cast My Videos */,
				2C8835E91979CB5600FF1A9E /* Cast My VideosTests */,
			);
		};
/* End PBXProject section */

/* Begin PBXResourcesBuildPhase section */
		2C8835D61979CB5600FF1A9E /* Resources */ = {
			isa = PBXResourcesBuildPhase;
			buildActionMask = 2147483647;
			files = (
				2C8835E31979CB5600FF1A9E /* Main.storyboard in Resources */,
				2C8835E51979CB5600FF1A9E /* Images.xcassets in Resources */,
				2C0A837319B5C06D00D09DAB /* film.png in Resources */,
			);
			runOnlyForDeploymentPostprocessing = 0;
		};
		2C8835E81979CB5600FF1A9E /* Resources */ = {
			isa = PBXResourcesBuildPhase;
			buildActionMask = 2147483647;
			files = (
			);
			runOnlyForDeploymentPostprocessing = 0;
		};
/* End PBXResourcesBuildPhase section */

/* Begin PBXSourcesBuildPhase section */
		2C8835D41979CB5600FF1A9E /* Sources */ = {
			isa = PBXSourcesBuildPhase;
			buildActionMask = 2147483647;
			files = (
				2CE4AA97197D625F002EE2B8 /* Item.swift in Sources */,
				2C88360C1979F93900FF1A9E /* DevicePopoverViewController.swift in Sources */,
				2CE4AA8A197D44F8002EE2B8 /* DataModel.xcdatamodeld in Sources */,
				2C8836081979CBFC00FF1A9E /* NetworkOperation.swift in Sources */,
				2C8835E01979CB5600FF1A9E /* ViewController.swift in Sources */,
				2C88360A1979E23100FF1A9E /* ParseOperation.swift in Sources */,
				2C543465197DE9FB000971B5 /* SearchItemTableViewCell.swift in Sources */,
				2C8835DE1979CB5600FF1A9E /* AppDelegate.swift in Sources */,
				2C115653197DFD05004A317B /* OperationManager.swift in Sources */,
				2C59406B19B6002C009D0DBA /* PlayerView.swift in Sources */,
				2C8836061979CBDE00FF1A9E /* CastController.swift in Sources */,
				2CD7F394198D378300346279 /* BaseOperation.swift in Sources */,
				2CE4AA91197D57C6002EE2B8 /* CoreDataManager.swift in Sources */,
				2CE4AA99197D6F67002EE2B8 /* ItemTableViewCell.swift in Sources */,
				2C0A837119B5BA9500D09DAB /* Favorite.swift in Sources */,
				2C543461197D9A1F000971B5 /* SaveOperation.swift in Sources */,
				2C543463197DDB17000971B5 /* SearchResultViewController.swift in Sources */,
				2C88360E197A017400FF1A9E /* PlayingViewController.swift in Sources */,
			);
			runOnlyForDeploymentPostprocessing = 0;
		};
		2C8835E61979CB5600FF1A9E /* Sources */ = {
			isa = PBXSourcesBuildPhase;
			buildActionMask = 2147483647;
			files = (
				2C8835F11979CB5600FF1A9E /* Cast_My_VideosTests.swift in Sources */,
			);
			runOnlyForDeploymentPostprocessing = 0;
		};
/* End PBXSourcesBuildPhase section */

/* Begin PBXTargetDependency section */
		2C8835EC1979CB5600FF1A9E /* PBXTargetDependency */ = {
			isa = PBXTargetDependency;
			target = 2C8835D71979CB5600FF1A9E /* Cast My Videos */;
			targetProxy = 2C8835EB1979CB5600FF1A9E /* PBXContainerItemProxy */;
		};
/* End PBXTargetDependency section */

/* Begin PBXVariantGroup section */
		2C8835E11979CB5600FF1A9E /* Main.storyboard */ = {
			isa = PBXVariantGroup;
			children = (
				2C8835E21979CB5600FF1A9E /* Base */,
			);
			name = Main.storyboard;
			sourceTree = "<group>";
		};
/* End PBXVariantGroup section */

/* Begin XCBuildConfiguration section */
		2C8835F21979CB5600FF1A9E /* Debug */ = {
			isa = XCBuildConfiguration;
			buildSettings = {
				ALWAYS_SEARCH_USER_PATHS = NO;
				CLANG_CXX_LANGUAGE_STANDARD = "gnu++0x";
				CLANG_CXX_LIBRARY = "libc++";
				CLANG_ENABLE_MODULES = YES;
				CLANG_ENABLE_OBJC_ARC = YES;
				CLANG_WARN_BOOL_CONVERSION = YES;
				CLANG_WARN_CONSTANT_CONVERSION = YES;
				CLANG_WARN_DIRECT_OBJC_ISA_USAGE = YES_ERROR;
				CLANG_WARN_EMPTY_BODY = YES;
				CLANG_WARN_ENUM_CONVERSION = YES;
				CLANG_WARN_INT_CONVERSION = YES;
				CLANG_WARN_OBJC_ROOT_CLASS = YES_ERROR;
				CLANG_WARN_UNREACHABLE_CODE = YES;
				CLANG_WARN__DUPLICATE_METHOD_MATCH = YES;
				"CODE_SIGN_IDENTITY[sdk=iphoneos*]" = "iPhone Developer";
				COPY_PHASE_STRIP = NO;
				ENABLE_STRICT_OBJC_MSGSEND = YES;
				GCC_C_LANGUAGE_STANDARD = gnu99;
				GCC_DYNAMIC_NO_PIC = NO;
				GCC_OPTIMIZATION_LEVEL = 0;
				GCC_PREPROCESSOR_DEFINITIONS = (
					"DEBUG=1",
					"$(inherited)",
				);
				GCC_SYMBOLS_PRIVATE_EXTERN = NO;
				GCC_WARN_64_TO_32_BIT_CONVERSION = YES;
				GCC_WARN_ABOUT_RETURN_TYPE = YES_ERROR;
				GCC_WARN_UNDECLARED_SELECTOR = YES;
				GCC_WARN_UNINITIALIZED_AUTOS = YES_AGGRESSIVE;
				GCC_WARN_UNUSED_FUNCTION = YES;
				GCC_WARN_UNUSED_VARIABLE = YES;
				IPHONEOS_DEPLOYMENT_TARGET = 8.0;
				MTL_ENABLE_DEBUG_INFO = YES;
				ONLY_ACTIVE_ARCH = YES;
				SDKROOT = iphoneos;
				SWIFT_OPTIMIZATION_LEVEL = "-Onone";
				TARGETED_DEVICE_FAMILY = "1,2";
			};
			name = Debug;
		};
		2C8835F31979CB5600FF1A9E /* Release */ = {
			isa = XCBuildConfiguration;
			buildSettings = {
				ALWAYS_SEARCH_USER_PATHS = NO;
				CLANG_CXX_LANGUAGE_STANDARD = "gnu++0x";
				CLANG_CXX_LIBRARY = "libc++";
				CLANG_ENABLE_MODULES = YES;
				CLANG_ENABLE_OBJC_ARC = YES;
				CLANG_WARN_BOOL_CONVERSION = YES;
				CLANG_WARN_CONSTANT_CONVERSION = YES;
				CLANG_WARN_DIRECT_OBJC_ISA_USAGE = YES_ERROR;
				CLANG_WARN_EMPTY_BODY = YES;
				CLANG_WARN_ENUM_CONVERSION = YES;
				CLANG_WARN_INT_CONVERSION = YES;
				CLANG_WARN_OBJC_ROOT_CLASS = YES_ERROR;
				CLANG_WARN_UNREACHABLE_CODE = YES;
				CLANG_WARN__DUPLICATE_METHOD_MATCH = YES;
				"CODE_SIGN_IDENTITY[sdk=iphoneos*]" = "iPhone Developer";
				COPY_PHASE_STRIP = YES;
				ENABLE_NS_ASSERTIONS = NO;
				ENABLE_STRICT_OBJC_MSGSEND = YES;
				GCC_C_LANGUAGE_STANDARD = gnu99;
				GCC_WARN_64_TO_32_BIT_CONVERSION = YES;
				GCC_WARN_ABOUT_RETURN_TYPE = YES_ERROR;
				GCC_WARN_UNDECLARED_SELECTOR = YES;
				GCC_WARN_UNINITIALIZED_AUTOS = YES_AGGRESSIVE;
				GCC_WARN_UNUSED_FUNCTION = YES;
				GCC_WARN_UNUSED_VARIABLE = YES;
				IPHONEOS_DEPLOYMENT_TARGET = 8.0;
				MTL_ENABLE_DEBUG_INFO = NO;
				SDKROOT = iphoneos;
				TARGETED_DEVICE_FAMILY = "1,2";
				VALIDATE_PRODUCT = YES;
			};
			name = Release;
		};
		2C8835F51979CB5600FF1A9E /* Debug */ = {
			isa = XCBuildConfiguration;
			buildSettings = {
				ASSETCATALOG_COMPILER_APPICON_NAME = AppIcon;
				ASSETCATALOG_COMPILER_LAUNCHIMAGE_NAME = LaunchImage;
				CLANG_ENABLE_MODULES = YES;
				FRAMEWORK_SEARCH_PATHS = (
					"$(inherited)",
					"/Users/Sandeep/Downloads/GoogleCastFramework-2.3.0-Release",
				);
				INFOPLIST_FILE = "Cast My Videos/Info.plist";
				LD_RUNPATH_SEARCH_PATHS = "$(inherited) @executable_path/Frameworks";
				OTHER_LDFLAGS = "-ObjC";
				PRODUCT_NAME = "$(TARGET_NAME)";
				SWIFT_OBJC_BRIDGING_HEADER = "Cast My Videos/Cast My Videos-Bridging-Header.h";
				SWIFT_OPTIMIZATION_LEVEL = "-Onone";
			};
			name = Debug;
		};
		2C8835F61979CB5600FF1A9E /* Release */ = {
			isa = XCBuildConfiguration;
			buildSettings = {
				ASSETCATALOG_COMPILER_APPICON_NAME = AppIcon;
				ASSETCATALOG_COMPILER_LAUNCHIMAGE_NAME = LaunchImage;
				CLANG_ENABLE_MODULES = YES;
				FRAMEWORK_SEARCH_PATHS = (
					"$(inherited)",
					"/Users/Sandeep/Downloads/GoogleCastFramework-2.3.0-Release",
				);
				INFOPLIST_FILE = "Cast My Videos/Info.plist";
				LD_RUNPATH_SEARCH_PATHS = "$(inherited) @executable_path/Frameworks";
				OTHER_LDFLAGS = "-ObjC";
				PRODUCT_NAME = "$(TARGET_NAME)";
				SWIFT_OBJC_BRIDGING_HEADER = "Cast My Videos/Cast My Videos-Bridging-Header.h";
			};
			name = Release;
		};
		2C8835F81979CB5600FF1A9E /* Debug */ = {
			isa = XCBuildConfiguration;
			buildSettings = {
				BUNDLE_LOADER = "$(BUILT_PRODUCTS_DIR)/Cast My Videos.app/Cast My Videos";
				FRAMEWORK_SEARCH_PATHS = (
					"$(SDKROOT)/Developer/Library/Frameworks",
					"$(inherited)",
				);
				GCC_PREPROCESSOR_DEFINITIONS = (
					"DEBUG=1",
					"$(inherited)",
				);
				INFOPLIST_FILE = "Cast My VideosTests/Info.plist";
				LD_RUNPATH_SEARCH_PATHS = "$(inherited) @executable_path/Frameworks @loader_path/Frameworks";
				PRODUCT_NAME = "$(TARGET_NAME)";
				TEST_HOST = "$(BUNDLE_LOADER)";
			};
			name = Debug;
		};
		2C8835F91979CB5600FF1A9E /* Release */ = {
			isa = XCBuildConfiguration;
			buildSettings = {
				BUNDLE_LOADER = "$(BUILT_PRODUCTS_DIR)/Cast My Videos.app/Cast My Videos";
				FRAMEWORK_SEARCH_PATHS = (
					"$(SDKROOT)/Developer/Library/Frameworks",
					"$(inherited)",
				);
				INFOPLIST_FILE = "Cast My VideosTests/Info.plist";
				LD_RUNPATH_SEARCH_PATHS = "$(inherited) @executable_path/Frameworks @loader_path/Frameworks";
				PRODUCT_NAME = "$(TARGET_NAME)";
				TEST_HOST = "$(BUNDLE_LOADER)";
			};
			name = Release;
		};
/* End XCBuildConfiguration section */

/* Begin XCConfigurationList section */
		2C8835D31979CB5600FF1A9E /* Build configuration list for PBXProject "Cast My Videos" */ = {
			isa = XCConfigurationList;
			buildConfigurations = (
				2C8835F21979CB5600FF1A9E /* Debug */,
				2C8835F31979CB5600FF1A9E /* Release */,
			);
			defaultConfigurationIsVisible = 0;
			defaultConfigurationName = Release;
		};
		2C8835F41979CB5600FF1A9E /* Build configuration list for PBXNativeTarget "Cast My Videos" */ = {
			isa = XCConfigurationList;
			buildConfigurations = (
				2C8835F51979CB5600FF1A9E /* Debug */,
				2C8835F61979CB5600FF1A9E /* Release */,
			);
			defaultConfigurationIsVisible = 0;
			defaultConfigurationName = Release;
		};
		2C8835F71979CB5600FF1A9E /* Build configuration list for PBXNativeTarget "Cast My VideosTests" */ = {
			isa = XCConfigurationList;
			buildConfigurations = (
				2C8835F81979CB5600FF1A9E /* Debug */,
				2C8835F91979CB5600FF1A9E /* Release */,
			);
			defaultConfigurationIsVisible = 0;
			defaultConfigurationName = Release;
		};
/* End XCConfigurationList section */

/* Begin XCVersionGroup section */
		2CE4AA88197D44F8002EE2B8 /* DataModel.xcdatamodeld */ = {
			isa = XCVersionGroup;
			children = (
				2CE4AA89197D44F8002EE2B8 /* DataModel.xcdatamodel */,
			);
			currentVersion = 2CE4AA89197D44F8002EE2B8 /* DataModel.xcdatamodel */;
			path = DataModel.xcdatamodeld;
			sourceTree = "<group>";
			versionGroupType = wrapper.xcdatamodel;
		};
/* End XCVersionGroup section */
	};
	rootObject = 2C8835D01979CB5600FF1A9E /* Project object */;
}
